
Microsoft Visual Studio Solution File, Format Version 12.00
# Visual Studio Version 16
VisualStudioVersion = 16.0.30717.126
MinimumVisualStudioVersion = 10.0.40219.1
Project("{FAE04EC0-301F-11D3-BF4B-00C04F79EFBC}") = "Eokulbenzeriapp", "Eokulbenzeriapp\Eokulbenzeriapp.csproj", "{A0467081-147F-4A7A-8CEA-9B25C034403D}"
EndProject
Global
	GlobalSection(SolutionConfigurationPlatforms) = preSolution
		Debug|Any CPU = Debug|Any CPU
		Release|Any CPU = Release|Any CPU
	EndGlobalSection
	GlobalSection(ProjectConfigurationPlatforms) = postSolution
		{A0467081-147F-4A7A-8CEA-9B25C034403D}.Debug|Any CPU.ActiveCfg = Debug|Any CPU
		{A0467081-147F-4A7A-8CEA-9B25C034403D}.Debug|Any CPU.Build.0 = Debug|Any CPU
		{A0467081-147F-4A7A-8CEA-9B25C034403D}.Release|Any CPU.ActiveCfg = Release|Any CPU
		{A0467081-147F-4A7A-8CEA-9B25C034403D}.Release|Any CPU.Build.0 = Release|Any CPU
	EndGlobalSection
	GlobalSection(SolutionProperties) = preSolution
		HideSolutionNode = FALSE
	EndGlobalSection
	GlobalSection(ExtensibilityGlobals) = postSolution
		SolutionGuid = {32FC54B8-C004-481E-A190-3737436DB85C}
	EndGlobalSection
EndGlobal
